<?xml version="1.0" encoding="utf-8"?>
<Project ToolsVersion="4.0" xmlns="http://schemas.microsoft.com/developer/msbuild/2003">
  <ItemGroup>
    <Filter Include="Src">
      <UniqueIdentifier>{6d767994-a7fe-45d5-92d8-379bb4601048}</UniqueIdentifier>
    </Filter>
    <Filter Include="Src\Player">
      <UniqueIdentifier>{07a7fc70-214c-4df5-ad0f-cac5330eaa06}</UniqueIdentifier>
    </Filter>
    <Filter Include="Src\Scene">
      <UniqueIdentifier>{1d2f3b59-8970-47c2-a75f-a7520ccdc41e}</UniqueIdentifier>
    </Filter>
    <Filter Include="Src\Collision">
      <UniqueIdentifier>{c97c867b-15b5-489d-9ea4-205cc11be1b1}</UniqueIdentifier>
    </Filter>
    <Filter Include="Src\UI">
      <UniqueIdentifier>{02a39692-c264-4c98-b570-0ec730a6147d}</UniqueIdentifier>
    </Filter>
    <Filter Include="Src\Camera">
      <UniqueIdentifier>{dc077430-5ef8-4fcc-a949-8b3a216324ce}</UniqueIdentifier>
    </Filter>
    <Filter Include="Src\Field">
      <UniqueIdentifier>{e9b4689a-1c01-4e71-b1a6-eb42773d203d}</UniqueIdentifier>
    </Filter>
    <Filter Include="Src\AI">
      <UniqueIdentifier>{bba37209-f433-4af0-be83-1bf3536919b4}</UniqueIdentifier>
    </Filter>
    <Filter Include="Src\AI\BossAI">
      <UniqueIdentifier>{202e44f2-ff3a-49ee-a267-20b6c9de624b}</UniqueIdentifier>
    </Filter>
    <Filter Include="Src\Item">
      <UniqueIdentifier>{3faf4d1e-3d98-4487-9d1e-dbbd2d25a89a}</UniqueIdentifier>
    </Filter>
    <Filter Include="Src\Enemy">
      <UniqueIdentifier>{8682f8f1-7828-4664-88fc-1a34746489e9}</UniqueIdentifier>
    </Filter>
    <Filter Include="Src\Enemy\Boss">
      <UniqueIdentifier>{e1e29092-9bd6-40cb-b814-3e9fc33f1065}</UniqueIdentifier>
    </Filter>
    <Filter Include="Src\Enemy\Car">
      <UniqueIdentifier>{291159db-68ce-40e6-9f0e-29d08afd687f}</UniqueIdentifier>
    </Filter>
    <Filter Include="Src\Enemy\Kid">
      <UniqueIdentifier>{0a477053-dcfc-4bae-a19f-f331c113e21e}</UniqueIdentifier>
    </Filter>
    <Filter Include="Src\Field\Road">
      <UniqueIdentifier>{d37ec494-d977-4e6e-8288-74fcc845805f}</UniqueIdentifier>
    </Filter>
    <Filter Include="Src\Field\Map">
      <UniqueIdentifier>{d73d7da0-afa4-46ef-9ba9-9ece3fd1bcb3}</UniqueIdentifier>
    </Filter>
    <Filter Include="Src\Field\Inter">
      <UniqueIdentifier>{90e1d03a-66df-4c8c-ad46-d98f139e08ef}</UniqueIdentifier>
    </Filter>
    <Filter Include="Src\AI\KidAI">
      <UniqueIdentifier>{8c67ad1f-9c42-4c2f-88bc-222fff273b1c}</UniqueIdentifier>
    </Filter>
    <Filter Include="Src\Enemy\ChaseBoss">
      <UniqueIdentifier>{7da64227-3bb0-4786-86bc-fd33cff45e91}</UniqueIdentifier>
    </Filter>
    <Filter Include="Src\AI\ChaseAI">
      <UniqueIdentifier>{4d77d64f-828c-413e-848a-0590d45cf0d2}</UniqueIdentifier>
    </Filter>
    <Filter Include="Src\Scene\GameClear">
      <UniqueIdentifier>{f3d97ae1-e6e1-41e8-bb4d-949499a741eb}</UniqueIdentifier>
    </Filter>
    <Filter Include="Src\Scene\GameOver">
      <UniqueIdentifier>{a996158c-c57d-4f75-bec0-c4afa89d1a26}</UniqueIdentifier>
    </Filter>
    <Filter Include="Src\Scene\Title">
      <UniqueIdentifier>{adc2b358-bb84-4774-bf85-5c43b059c775}</UniqueIdentifier>
    </Filter>
    <Filter Include="Src\Player\HP">
      <UniqueIdentifier>{e20a14ff-3cab-4b44-a7e1-89cc1e1b59b1}</UniqueIdentifier>
    </Filter>
    <Filter Include="Src\UI\HP">
      <UniqueIdentifier>{f44c6280-ee30-42eb-9815-dea107d714b3}</UniqueIdentifier>
    </Filter>
    <Filter Include="Src\Scene\Tutorial">
      <UniqueIdentifier>{2f7dff4d-cc8b-4535-acf1-f0e66bec7ca9}</UniqueIdentifier>
    </Filter>
    <Filter Include="Src\Item\UseItem">
      <UniqueIdentifier>{95e000c1-a34f-465a-ab9c-e4dbc19fe12b}</UniqueIdentifier>
    </Filter>
    <Filter Include="Src\Item\UseItem\Pencil">
      <UniqueIdentifier>{0742481d-3590-487a-b4e9-21a8f1c3ad46}</UniqueIdentifier>
    </Filter>
    <Filter Include="Src\Item\UseItem\Eraser">
      <UniqueIdentifier>{71a64069-f764-4d0b-9795-4500ddb9e1e0}</UniqueIdentifier>
    </Filter>
    <Filter Include="Src\Item\GatherItem">
      <UniqueIdentifier>{8af47025-a6e6-4ef1-8130-a70d0209c004}</UniqueIdentifier>
    </Filter>
    <Filter Include="Src\Item\GatherItem\GatherFactory">
      <UniqueIdentifier>{171e3013-9e12-45d5-be98-6c190c6be2f0}</UniqueIdentifier>
    </Filter>
    <Filter Include="Src\Item\GatherItem\GatherFactory\GatherBase">
      <UniqueIdentifier>{fc63f35b-1402-4ff2-b920-569d383b6fe5}</UniqueIdentifier>
    </Filter>
    <Filter Include="Src\Item\GatherItem\GatherFactory\ItemType">
      <UniqueIdentifier>{e72c2035-9cab-40d4-ac7c-14f60c8d37f8}</UniqueIdentifier>
    </Filter>
    <Filter Include="Src\UI\Item">
      <UniqueIdentifier>{b43ae02b-7630-4aab-a224-57d0e069f968}</UniqueIdentifier>
    </Filter>
    <Filter Include="Src\Item\GatherItem\ItemProduct">
      <UniqueIdentifier>{b2fb8e3c-d1d3-43af-ad7d-ed511d7a2d06}</UniqueIdentifier>
    </Filter>
    <Filter Include="Src\Item\GatherItem\ItemProduct\GatherEraser">
      <UniqueIdentifier>{b65b36b6-e97f-4aee-8d6e-304e67c953ea}</UniqueIdentifier>
    </Filter>
    <Filter Include="Src\Item\GatherItem\ItemProduct\GatherPencil">
      <UniqueIdentifier>{a1f64d88-9ec8-4b8b-bfff-d2b027c34ae4}</UniqueIdentifier>
    </Filter>
    <Filter Include="Src\Library">
      <UniqueIdentifier>{0a52302c-fca5-474a-81bf-404c8734d437}</UniqueIdentifier>
    </Filter>
    <Filter Include="Src\Library\MyMath">
      <UniqueIdentifier>{8fe9f6fb-f6f5-455d-a70b-84a9e34cdbf6}</UniqueIdentifier>
    </Filter>
    <Filter Include="Src\Library\Animation">
      <UniqueIdentifier>{e396653c-2d94-4099-aea4-1e16b345f757}</UniqueIdentifier>
    </Filter>
    <Filter Include="Src\Library\Animation\Model">
      <UniqueIdentifier>{bda5206a-f828-44a1-9f89-1b43f36abf04}</UniqueIdentifier>
    </Filter>
    <Filter Include="Src\Library\Sound">
      <UniqueIdentifier>{a982e855-437f-4d7c-810a-eca4c25368c2}</UniqueIdentifier>
    </Filter>
    <Filter Include="Src\Library\Input">
      <UniqueIdentifier>{b6e9c6f1-de6a-45e0-ba98-48d499ccf6dc}</UniqueIdentifier>
    </Filter>
    <Filter Include="Src\Library\Input\Key">
      <UniqueIdentifier>{0d50d030-1dee-450c-a4a7-be5363a21522}</UniqueIdentifier>
    </Filter>
    <Filter Include="Src\Library\Input\Mouse">
      <UniqueIdentifier>{296dbcb3-40b3-4026-9263-c7f70a8abac1}</UniqueIdentifier>
    </Filter>
    <Filter Include="Src\Library\Input\Pad">
      <UniqueIdentifier>{9ceccbc3-99ea-4af8-a354-d49cb2b2b8df}</UniqueIdentifier>
    </Filter>
    <Filter Include="Src\Library\Error">
      <UniqueIdentifier>{575a3e8a-9efd-4169-bcc7-df89cbbecc25}</UniqueIdentifier>
    </Filter>
    <Filter Include="Src\Library\Collision">
      <UniqueIdentifier>{68795a3e-015f-4b37-bc3e-92087827c00d}</UniqueIdentifier>
    </Filter>
    <Filter Include="Src\Item\GatherItem\ItemProduct\ItemBox">
      <UniqueIdentifier>{7575d8e7-8445-42ff-9a34-9316c2558151}</UniqueIdentifier>
    </Filter>
    <Filter Include="Src\Item\GatherItem\ItemProduct\GatherRuler">
      <UniqueIdentifier>{94a07524-1502-4d25-81dc-9122e2ae2206}</UniqueIdentifier>
    </Filter>
    <Filter Include="Src\Item\UseItem\Ruler">
      <UniqueIdentifier>{125b5da7-31f0-4a8c-af71-f60d109992c1}</UniqueIdentifier>
    </Filter>
    <Filter Include="Src\Enemy\Boss\BossHP">
      <UniqueIdentifier>{56c14803-688a-436c-86af-14d358a82720}</UniqueIdentifier>
    </Filter>
    <Filter Include="Src\Item\GatherItem\ItemProduct\GatherGlove">
      <UniqueIdentifier>{74b84a9a-9584-4c44-be8a-5f47fba7733e}</UniqueIdentifier>
    </Filter>
    <Filter Include="Src\Item\UseItem\Glove">
      <UniqueIdentifier>{efa8e619-5aaa-416f-a00e-21f6654ca088}</UniqueIdentifier>
    </Filter>
    <Filter Include="Src\Collision\ColField">
      <UniqueIdentifier>{d9a00e9e-0a45-4918-bd69-9d41e7b3d720}</UniqueIdentifier>
    </Filter>
    <Filter Include="Src\Enemy\Kid\KidUI">
      <UniqueIdentifier>{1ebb850c-cab3-496b-a055-bfc3443e464a}</UniqueIdentifier>
    </Filter>
    <Filter Include="Src\UI\Assert">
      <UniqueIdentifier>{3a9d4b79-92bb-4386-b85f-16982946e96a}</UniqueIdentifier>
    </Filter>
    <Filter Include="Src\Field\Pole">
      <UniqueIdentifier>{03813f08-9f5f-4f02-9ee5-15e3b821e000}</UniqueIdentifier>
    </Filter>
    <Filter Include="Src\Field\Umbrella">
      <UniqueIdentifier>{42801f37-3ff3-47a0-a279-7d78d75f323c}</UniqueIdentifier>
    </Filter>
    <Filter Include="Src\Scene\SaveScene">
      <UniqueIdentifier>{de5148b9-fed5-49ea-a32c-6fb847397c10}</UniqueIdentifier>
    </Filter>
    <Filter Include="Src\Field\Navi">
      <UniqueIdentifier>{da98dded-d67c-4c91-9262-81ead1b15ff0}</UniqueIdentifier>
    </Filter>
  </ItemGroup>
  <ItemGroup>
    <ClCompile Include="Src\Camera\CameraManager.cpp">
      <Filter>Src\Camera</Filter>
    </ClCompile>
    <ClCompile Include="Src\Camera\DebugCamera.cpp">
      <Filter>Src\Camera</Filter>
    </ClCompile>
    <ClCompile Include="Src\Camera\PlayCamera.cpp">
      <Filter>Src\Camera</Filter>
    </ClCompile>
    <ClCompile Include="Src\UI\GameUI.cpp">
      <Filter>Src\UI</Filter>
    </ClCompile>
    <ClCompile Include="Src\UI\GameUIButton.cpp">
      <Filter>Src\UI</Filter>
    </ClCompile>
    <ClCompile Include="Src\UI\GameUIManager.cpp">
      <Filter>Src\UI</Filter>
    </ClCompile>
    <ClCompile Include="Src\UI\GameUISprite.cpp">
      <Filter>Src\UI</Filter>
    </ClCompile>
    <ClCompile Include="Src\Scene\PlayScene.cpp">
      <Filter>Src\Scene</Filter>
    </ClCompile>
    <ClCompile Include="Src\Scene\SceneBase.cpp">
      <Filter>Src\Scene</Filter>
    </ClCompile>
    <ClCompile Include="Src\Scene\SceneManager.cpp">
      <Filter>Src\Scene</Filter>
    </ClCompile>
    <ClCompile Include="Src\Main.cpp">
      <Filter>Src</Filter>
    </ClCompile>
    <ClCompile Include="Src\Player\Player.cpp">
      <Filter>Src\Player</Filter>
    </ClCompile>
    <ClCompile Include="Src\Player\PlayerManager.cpp">
      <Filter>Src\Player</Filter>
    </ClCompile>
    <ClCompile Include="Src\Field\FieldManager.cpp">
      <Filter>Src\Field</Filter>
    </ClCompile>
    <ClCompile Include="Src\Enemy\EnemyManager.cpp">
      <Filter>Src\Enemy</Filter>
    </ClCompile>
    <ClCompile Include="Src\Enemy\EnemyBase.cpp">
      <Filter>Src\Enemy</Filter>
    </ClCompile>
    <ClCompile Include="Src\Enemy\Car\Enemy.cpp">
      <Filter>Src\Enemy\Car</Filter>
    </ClCompile>
    <ClCompile Include="Src\Enemy\Boss\EnemyBoss.cpp">
      <Filter>Src\Enemy\Boss</Filter>
    </ClCompile>
    <ClCompile Include="Src\AI\AIBase.cpp">
      <Filter>Src\AI</Filter>
    </ClCompile>
    <ClCompile Include="Src\AI\BossAI\AIAttackBoss.cpp">
      <Filter>Src\AI\BossAI</Filter>
    </ClCompile>
    <ClCompile Include="Src\Collision\CollisionManager.cpp">
      <Filter>Src\Collision</Filter>
    </ClCompile>
    <ClCompile Include="Src\Field\Road\Road.cpp">
      <Filter>Src\Field\Road</Filter>
    </ClCompile>
    <ClCompile Include="Src\Field\Inter\Inter.cpp">
      <Filter>Src\Field\Inter</Filter>
    </ClCompile>
    <ClCompile Include="Src\Field\Map\Field.cpp">
      <Filter>Src\Field\Map</Filter>
    </ClCompile>
    <ClCompile Include="Src\Enemy\Chase\ChaseBoss.cpp">
      <Filter>Src\Enemy\ChaseBoss</Filter>
    </ClCompile>
    <ClCompile Include="Src\AI\ChaseAI\AIChaseBoss.cpp">
      <Filter>Src\AI\ChaseAI</Filter>
    </ClCompile>
    <ClCompile Include="Src\Enemy\Kid\EnemyKid.cpp">
      <Filter>Src\Enemy\Kid</Filter>
    </ClCompile>
    <ClCompile Include="Src\AI\KidAI\AIKid.cpp">
      <Filter>Src\AI\KidAI</Filter>
    </ClCompile>
    <ClCompile Include="Src\Scene\GameClear\GameClearScene.cpp">
      <Filter>Src\Scene\GameClear</Filter>
    </ClCompile>
    <ClCompile Include="Src\Scene\GameOver\GameOverScene.cpp">
      <Filter>Src\Scene\GameOver</Filter>
    </ClCompile>
    <ClCompile Include="Src\Scene\Title\TitleScene.cpp">
      <Filter>Src\Scene\Title</Filter>
    </ClCompile>
    <ClCompile Include="Src\Player\HP\PlayerHP.cpp">
      <Filter>Src\Player\HP</Filter>
    </ClCompile>
    <ClCompile Include="Src\Player\HP\FrameHP.cpp">
      <Filter>Src\Player\HP</Filter>
    </ClCompile>
    <ClCompile Include="Src\UI\UIBase.cpp">
      <Filter>Src\UI</Filter>
    </ClCompile>
    <ClCompile Include="Src\UI\HP\GameUIHP.cpp">
      <Filter>Src\UI\HP</Filter>
    </ClCompile>
    <ClCompile Include="Src\Scene\Tutorial\TutorialItemScene.cpp">
      <Filter>Src\Scene\Tutorial</Filter>
    </ClCompile>
    <ClCompile Include="Src\Scene\Tutorial\TutorialMainScene.cpp">
      <Filter>Src\Scene\Tutorial</Filter>
    </ClCompile>
    <ClCompile Include="Src\Item\UseItem\ItemManager.cpp">
      <Filter>Src\Item\UseItem</Filter>
    </ClCompile>
    <ClCompile Include="Src\Item\UseItem\ItemBase.cpp">
      <Filter>Src\Item\UseItem</Filter>
    </ClCompile>
    <ClCompile Include="Src\Item\UseItem\Pencil\Pencil.cpp">
      <Filter>Src\Item\UseItem\Pencil</Filter>
    </ClCompile>
    <ClCompile Include="Src\Item\UseItem\Eraser\Eraser.cpp">
      <Filter>Src\Item\UseItem\Eraser</Filter>
    </ClCompile>
    <ClCompile Include="Src\Item\GatherItem\GatherFactory\ItemType\BossBattleItem.cpp">
      <Filter>Src\Item\GatherItem\GatherFactory\ItemType</Filter>
    </ClCompile>
    <ClCompile Include="Src\Item\GatherItem\GatherFactory\GatherManager.cpp">
      <Filter>Src\Item\GatherItem\GatherFactory</Filter>
    </ClCompile>
    <ClCompile Include="Src\Item\GatherItem\GatherFactory\GatherBase\GatherItem.cpp">
      <Filter>Src\Item\GatherItem\GatherFactory\GatherBase</Filter>
    </ClCompile>
    <ClCompile Include="Src\Item\GatherItem\GatherFactory\GatherBase\GatherBase.cpp">
      <Filter>Src\Item\GatherItem\GatherFactory\GatherBase</Filter>
    </ClCompile>
    <ClCompile Include="Src\UI\Item\GameUIItem.cpp">
      <Filter>Src\UI\Item</Filter>
    </ClCompile>
    <ClCompile Include="Src\Item\GatherItem\ItemProduct\GatherPencil\GatherPencil.cpp">
      <Filter>Src\Item\GatherItem\ItemProduct\GatherPencil</Filter>
    </ClCompile>
    <ClCompile Include="Src\Item\GatherItem\ItemProduct\GatherEraser\GatherEraser.cpp">
      <Filter>Src\Item\GatherItem\ItemProduct\GatherEraser</Filter>
    </ClCompile>
    <ClCompile Include="Src\Library\MyMath\MyMath.cpp">
      <Filter>Src\Library\MyMath</Filter>
    </ClCompile>
    <ClCompile Include="Src\Library\Animation\Animation.cpp">
      <Filter>Src\Library\Animation</Filter>
    </ClCompile>
    <ClCompile Include="Src\Library\Animation\Model\model.cpp">
      <Filter>Src\Library\Animation\Model</Filter>
    </ClCompile>
    <ClCompile Include="Src\Library\Sound\Sound.cpp">
      <Filter>Src\Library\Sound</Filter>
    </ClCompile>
    <ClCompile Include="Src\Library\Input\Input.cpp">
      <Filter>Src\Library\Input</Filter>
    </ClCompile>
    <ClCompile Include="Src\Library\Input\Pad\Pad.cpp">
      <Filter>Src\Library\Input\Pad</Filter>
    </ClCompile>
    <ClCompile Include="Src\Library\Input\Mouse\Mouse.cpp">
      <Filter>Src\Library\Input\Mouse</Filter>
    </ClCompile>
    <ClCompile Include="Src\Library\Input\Key\Key.cpp">
      <Filter>Src\Library\Input\Key</Filter>
    </ClCompile>
    <ClCompile Include="Src\Library\Error\Error.cpp">
      <Filter>Src\Library\Error</Filter>
    </ClCompile>
    <ClCompile Include="Src\Library\Collision\Collision.cpp">
      <Filter>Src\Library\Collision</Filter>
    </ClCompile>
    <ClCompile Include="Src\UI\Item\GameUIItemBox.cpp">
      <Filter>Src\UI\Item</Filter>
    </ClCompile>
    <ClCompile Include="Src\Item\GatherItem\ItemProduct\ItemBox\ItemBox.cpp">
      <Filter>Src\Item\GatherItem\ItemProduct\ItemBox</Filter>
    </ClCompile>
    <ClCompile Include="Src\Item\GatherItem\ItemProduct\GatherRuler\GatherRuler.cpp">
      <Filter>Src\Item\GatherItem\ItemProduct\GatherRuler</Filter>
    </ClCompile>
    <ClCompile Include="Src\Library\SagaLibrary.cpp">
      <Filter>Src\Library</Filter>
    </ClCompile>
    <ClCompile Include="Src\Item\UseItem\Ruler\Ruler.cpp">
      <Filter>Src\Item\UseItem\Ruler</Filter>
    </ClCompile>
    <ClCompile Include="Src\Enemy\Boss\BossHP\BossHP.cpp">
      <Filter>Src\Enemy\Boss\BossHP</Filter>
    </ClCompile>
    <ClCompile Include="Src\Enemy\Boss\BossHP\BossFrameHP.cpp">
      <Filter>Src\Enemy\Boss\BossHP</Filter>
    </ClCompile>
    <ClCompile Include="Src\Item\GatherItem\ItemProduct\GatherGlove\GatherGlove.cpp">
      <Filter>Src\Item\GatherItem\ItemProduct\GatherGlove</Filter>
    </ClCompile>
    <ClCompile Include="Src\Item\UseItem\Glove\Glove.cpp">
      <Filter>Src\Item\UseItem\Glove</Filter>
    </ClCompile>
    <ClCompile Include="Src\Enemy\Kid\EnemyWallKid.cpp">
      <Filter>Src\Enemy\Kid</Filter>
    </ClCompile>
    <ClCompile Include="Src\Collision\ColField\ColField.cpp">
      <Filter>Src\Collision\ColField</Filter>
    </ClCompile>
    <ClCompile Include="Src\Enemy\Kid\KidUI\KidUI.cpp">
      <Filter>Src\Enemy\Kid\KidUI</Filter>
    </ClCompile>
    <ClCompile Include="Src\UI\Assert\GameUIAssert.cpp">
      <Filter>Src\UI\Assert</Filter>
    </ClCompile>
    <ClCompile Include="Src\Field\Pole\Pole.cpp">
      <Filter>Src\Field\Pole</Filter>
    </ClCompile>
    <ClCompile Include="Src\Field\Umbrella\Umbrella.cpp">
      <Filter>Src\Field\Umbrella</Filter>
    </ClCompile>
    <ClCompile Include="Src\Scene\SaveScene\SaveScene.cpp">
      <Filter>Src\Scene\SaveScene</Filter>
    </ClCompile>
    <ClCompile Include="Src\Field\Navi\Navi.cpp">
      <Filter>Src\Field\Navi</Filter>
    </ClCompile>
  </ItemGroup>
  <ItemGroup>
    <ClInclude Include="Src\Camera\CameraManager.h">
      <Filter>Src\Camera</Filter>
    </ClInclude>
    <ClInclude Include="Src\Camera\DebugCamera.h">
      <Filter>Src\Camera</Filter>
    </ClInclude>
    <ClInclude Include="Src\Camera\PlayCamera.h">
      <Filter>Src\Camera</Filter>
    </ClInclude>
    <ClInclude Include="Src\UI\GameUI.h">
      <Filter>Src\UI</Filter>
    </ClInclude>
    <ClInclude Include="Src\UI\GameUIButton.h">
      <Filter>Src\UI</Filter>
    </ClInclude>
    <ClInclude Include="Src\UI\GameUIManager.h">
      <Filter>Src\UI</Filter>
    </ClInclude>
    <ClInclude Include="Src\UI\GameUISprite.h">
      <Filter>Src\UI</Filter>
    </ClInclude>
    <ClInclude Include="Src\Scene\PlayScene.h">
      <Filter>Src\Scene</Filter>
    </ClInclude>
    <ClInclude Include="Src\Scene\SceneBase.h">
      <Filter>Src\Scene</Filter>
    </ClInclude>
    <ClInclude Include="Src\Scene\SceneManager.h">
      <Filter>Src\Scene</Filter>
    </ClInclude>
    <ClInclude Include="Src\Common.h">
      <Filter>Src</Filter>
    </ClInclude>
    <ClInclude Include="Src\Player\Player.h">
      <Filter>Src\Player</Filter>
    </ClInclude>
    <ClInclude Include="Src\Player\PlayerManager.h">
      <Filter>Src\Player</Filter>
    </ClInclude>
    <ClInclude Include="Src\Field\FieldManager.h">
      <Filter>Src\Field</Filter>
    </ClInclude>
    <ClInclude Include="Src\Enemy\EnemyManager.h">
      <Filter>Src\Enemy</Filter>
    </ClInclude>
    <ClInclude Include="Src\Enemy\EnemyBase.h">
      <Filter>Src\Enemy</Filter>
    </ClInclude>
    <ClInclude Include="Src\Enemy\Car\Enemy.h">
      <Filter>Src\Enemy\Car</Filter>
    </ClInclude>
    <ClInclude Include="Src\Enemy\Boss\EnemyBoss.h">
      <Filter>Src\Enemy\Boss</Filter>
    </ClInclude>
    <ClInclude Include="Src\AI\AIBase.h">
      <Filter>Src\AI</Filter>
    </ClInclude>
    <ClInclude Include="Src\AI\BossAI\AIAttackBoss.h">
      <Filter>Src\AI\BossAI</Filter>
    </ClInclude>
    <ClInclude Include="Src\Collision\CollisionManager.h">
      <Filter>Src\Collision</Filter>
    </ClInclude>
    <ClInclude Include="Src\Enemy\EnemyCommon.h">
      <Filter>Src\Enemy</Filter>
    </ClInclude>
    <ClInclude Include="Src\Field\Road\Road.h">
      <Filter>Src\Field\Road</Filter>
    </ClInclude>
    <ClInclude Include="Src\Field\FieldCommon.h">
      <Filter>Src\Field</Filter>
    </ClInclude>
    <ClInclude Include="Src\Field\Inter\Inter.h">
      <Filter>Src\Field\Inter</Filter>
    </ClInclude>
    <ClInclude Include="Src\Field\Map\Field.h">
      <Filter>Src\Field\Map</Filter>
    </ClInclude>
    <ClInclude Include="Src\Collision\CollisionCommon.h">
      <Filter>Src\Collision</Filter>
    </ClInclude>
    <ClInclude Include="Src\AI\AICommon.h">
      <Filter>Src\AI</Filter>
    </ClInclude>
    <ClInclude Include="Src\Enemy\Chase\ChaseBoss.h">
      <Filter>Src\Enemy\ChaseBoss</Filter>
    </ClInclude>
    <ClInclude Include="Src\AI\ChaseAI\AIChaseBoss.h">
      <Filter>Src\AI\ChaseAI</Filter>
    </ClInclude>
    <ClInclude Include="Src\Enemy\Kid\EnemyKid.h">
      <Filter>Src\Enemy\Kid</Filter>
    </ClInclude>
    <ClInclude Include="Src\AI\KidAI\AIKid.h">
      <Filter>Src\AI\KidAI</Filter>
    </ClInclude>
    <ClInclude Include="Src\Scene\GameClear\GameClearScene.h">
      <Filter>Src\Scene\GameClear</Filter>
    </ClInclude>
    <ClInclude Include="Src\Scene\GameOver\GameOverScene.h">
      <Filter>Src\Scene\GameOver</Filter>
    </ClInclude>
    <ClInclude Include="Src\Scene\Title\TitleScene.h">
      <Filter>Src\Scene\Title</Filter>
    </ClInclude>
    <ClInclude Include="Src\Player\HP\PlayerHP.h">
      <Filter>Src\Player\HP</Filter>
    </ClInclude>
    <ClInclude Include="Src\Player\HP\FrameHP.h">
      <Filter>Src\Player\HP</Filter>
    </ClInclude>
    <ClInclude Include="Src\UI\UIBase.h">
      <Filter>Src\UI</Filter>
    </ClInclude>
    <ClInclude Include="Src\Player\PlayerCommon.h">
      <Filter>Src\Player</Filter>
    </ClInclude>
    <ClInclude Include="Src\UI\HP\GameUIHP.h">
      <Filter>Src\UI\HP</Filter>
    </ClInclude>
    <ClInclude Include="Src\Scene\Tutorial\TutorialItemScene.h">
      <Filter>Src\Scene\Tutorial</Filter>
    </ClInclude>
    <ClInclude Include="Src\Scene\Tutorial\TutorialMainScene.h">
      <Filter>Src\Scene\Tutorial</Filter>
    </ClInclude>
    <ClInclude Include="Src\Item\UseItem\ItemManager.h">
      <Filter>Src\Item\UseItem</Filter>
    </ClInclude>
    <ClInclude Include="Src\Item\UseItem\ItemBase.h">
      <Filter>Src\Item\UseItem</Filter>
    </ClInclude>
    <ClInclude Include="Src\Item\UseItem\Pencil\Pencil.h">
      <Filter>Src\Item\UseItem\Pencil</Filter>
    </ClInclude>
    <ClInclude Include="Src\Item\UseItem\Eraser\Eraser.h">
      <Filter>Src\Item\UseItem\Eraser</Filter>
    </ClInclude>
    <ClInclude Include="Src\Item\ItemCommon.h">
      <Filter>Src\Item</Filter>
    </ClInclude>
    <ClInclude Include="Src\Item\GatherItem\GatherFactory\ItemType\BossBattleItem.h">
      <Filter>Src\Item\GatherItem\GatherFactory\ItemType</Filter>
    </ClInclude>
    <ClInclude Include="Src\Item\GatherItem\GatherFactory\GatherManager.h">
      <Filter>Src\Item\GatherItem\GatherFactory</Filter>
    </ClInclude>
    <ClInclude Include="Src\Item\GatherItem\GatherFactory\GatherBase\GatherBase.h">
      <Filter>Src\Item\GatherItem\GatherFactory\GatherBase</Filter>
    </ClInclude>
    <ClInclude Include="Src\Item\GatherItem\GatherFactory\GatherBase\GatherItem.h">
      <Filter>Src\Item\GatherItem\GatherFactory\GatherBase</Filter>
    </ClInclude>
    <ClInclude Include="Src\Item\GatherItem\ItemProduct\GatherPencil\GatherPencil.h">
      <Filter>Src\Item\GatherItem\ItemProduct\GatherPencil</Filter>
    </ClInclude>
    <ClInclude Include="Src\Item\GatherItem\ItemProduct\GatherEraser\GatherEraser.h">
      <Filter>Src\Item\GatherItem\ItemProduct\GatherEraser</Filter>
    </ClInclude>
    <ClInclude Include="Src\Library\MyMath\MyMath.h">
      <Filter>Src\Library\MyMath</Filter>
    </ClInclude>
    <ClInclude Include="Src\Library\Animation\Animation.h">
      <Filter>Src\Library\Animation</Filter>
    </ClInclude>
    <ClInclude Include="Src\Library\Animation\Model\model.h">
      <Filter>Src\Library\Animation\Model</Filter>
    </ClInclude>
    <ClInclude Include="Src\Library\Sound\Sound.h">
      <Filter>Src\Library\Sound</Filter>
    </ClInclude>
    <ClInclude Include="Src\Library\Input\Input.h">
      <Filter>Src\Library\Input</Filter>
    </ClInclude>
    <ClInclude Include="Src\Library\Input\InputBase.h">
      <Filter>Src\Library\Input</Filter>
    </ClInclude>
    <ClInclude Include="Src\Library\Input\Pad\Pad.h">
      <Filter>Src\Library\Input\Pad</Filter>
    </ClInclude>
    <ClInclude Include="Src\Library\Input\Mouse\Mouse.h">
      <Filter>Src\Library\Input\Mouse</Filter>
    </ClInclude>
    <ClInclude Include="Src\Library\Input\Key\Key.h">
      <Filter>Src\Library\Input\Key</Filter>
    </ClInclude>
    <ClInclude Include="Src\Library\Error\Error.h">
      <Filter>Src\Library\Error</Filter>
    </ClInclude>
    <ClInclude Include="Src\Library\Collision\Collision.h">
      <Filter>Src\Library\Collision</Filter>
    </ClInclude>
    <ClInclude Include="Src\UI\Item\GameUIItemBox.h">
      <Filter>Src\UI\Item</Filter>
    </ClInclude>
    <ClInclude Include="Src\Item\GatherItem\ItemProduct\ItemBox\ItemBox.h">
      <Filter>Src\Item\GatherItem\ItemProduct\ItemBox</Filter>
    </ClInclude>
    <ClInclude Include="Src\UI\Item\GameUIItem.h">
      <Filter>Src\UI\Item</Filter>
    </ClInclude>
    <ClInclude Include="Src\Item\GatherItem\ItemProduct\GatherRuler\GatherRuler.h">
      <Filter>Src\Item\GatherItem\ItemProduct\GatherRuler</Filter>
    </ClInclude>
    <ClInclude Include="Src\Library\SagaLibrary.h">
      <Filter>Src\Library</Filter>
    </ClInclude>
    <ClInclude Include="Src\Library\LibraryCommon.h">
      <Filter>Src\Library</Filter>
    </ClInclude>
    <ClInclude Include="Src\Item\UseItem\Ruler\Ruler.h">
      <Filter>Src\Item\UseItem\Ruler</Filter>
    </ClInclude>
    <ClInclude Include="Src\Enemy\Boss\BossHP\BossFrameHP.h">
      <Filter>Src\Enemy\Boss\BossHP</Filter>
    </ClInclude>
    <ClInclude Include="Src\Enemy\Boss\BossHP\BossHP.h">
      <Filter>Src\Enemy\Boss\BossHP</Filter>
    </ClInclude>
    <ClInclude Include="Src\Item\GatherItem\ItemProduct\GatherGlove\GatherGlove.h">
      <Filter>Src\Item\GatherItem\ItemProduct\GatherGlove</Filter>
    </ClInclude>
    <ClInclude Include="Src\Item\UseItem\Glove\Glove.h">
      <Filter>Src\Item\UseItem\Glove</Filter>
    </ClInclude>
    <ClInclude Include="Src\Enemy\Kid\EnemyWallKid.h">
      <Filter>Src\Enemy\Kid</Filter>
    </ClInclude>
    <ClInclude Include="Src\Collision\ColField\ColField.h">
      <Filter>Src\Collision\ColField</Filter>
    </ClInclude>
    <ClInclude Include="Src\Enemy\Kid\KidUI\KidUI.h">
      <Filter>Src\Enemy\Kid\KidUI</Filter>
    </ClInclude>
    <ClInclude Include="Src\UI\Assert\GameUIAssert.h">
      <Filter>Src\UI\Assert</Filter>
    </ClInclude>
    <ClInclude Include="Src\Field\Pole\Pole.h">
      <Filter>Src\Field\Pole</Filter>
    </ClInclude>
    <ClInclude Include="Src\Field\Umbrella\Umbrella.h">
      <Filter>Src\Field\Umbrella</Filter>
    </ClInclude>
    <ClInclude Include="Src\Scene\SaveScene\SaveScene.h">
      <Filter>Src\Scene\SaveScene</Filter>
    </ClInclude>
    <ClInclude Include="Src\Field\Navi\Navi.h">
      <Filter>Src\Field\Navi</Filter>
    </ClInclude>
  </ItemGroup>
</Project>